
Microsoft Visual Studio Solution File, Format Version 12.00
# Visual Studio Version 17
VisualStudioVersion = 17.13.35931.197
MinimumVisualStudioVersion = 10.0.40219.1
Project("{2150E333-8FDC-42A3-9474-1A3956D46DE8}") = "Solution Items", "Solution Items", "{02EA681E-C7D8-13C7-8484-4AC65E1B71E8}"
	ProjectSection(SolutionItems) = preProject
		.editorconfig = .editorconfig
		Directory.Build.props = Directory.Build.props
		NuGet.config = NuGet.config
		README.md = README.md
	EndProjectSection
EndProject
Project("{2150E333-8FDC-42A3-9474-1A3956D46DE8}") = "Library", "Library", "{1EA22351-F858-40DE-9489-19FC97D11C0F}"
EndProject
Project("{2150E333-8FDC-42A3-9474-1A3956D46DE8}") = "Examples", "Examples", "{2E7F71A7-0692-44DF-BDA6-63BEDF760E57}"
EndProject
Project("{FAE04EC0-301F-11D3-BF4B-00C04F79EFBC}") = "WinFormedge", "src\WinFormedge\WinFormedge.csproj", "{4BAD6C24-C270-4C39-A167-C824A0E93C7F}"
EndProject
Project("{FAE04EC0-301F-11D3-BF4B-00C04F79EFBC}") = "MinimalExampleApp", "src\MinimalExampleApp\MinimalExampleApp.csproj", "{700FE7C8-16A1-4072-AAF3-86A9156EA7B0}"
EndProject
Global
	GlobalSection(SolutionConfigurationPlatforms) = preSolution
		Debug|Any CPU = Debug|Any CPU
		Release|Any CPU = Release|Any CPU
	EndGlobalSection
	GlobalSection(ProjectConfigurationPlatforms) = postSolution
		{4BAD6C24-C270-4C39-A167-C824A0E93C7F}.Debug|Any CPU.ActiveCfg = Debug|Any CPU
		{4BAD6C24-C270-4C39-A167-C824A0E93C7F}.Debug|Any CPU.Build.0 = Debug|Any CPU
		{4BAD6C24-C270-4C39-A167-C824A0E93C7F}.Release|Any CPU.ActiveCfg = Release|Any CPU
		{4BAD6C24-C270-4C39-A167-C824A0E93C7F}.Release|Any CPU.Build.0 = Release|Any CPU
		{700FE7C8-16A1-4072-AAF3-86A9156EA7B0}.Debug|Any CPU.ActiveCfg = Debug|Any CPU
		{700FE7C8-16A1-4072-AAF3-86A9156EA7B0}.Debug|Any CPU.Build.0 = Debug|Any CPU
		{700FE7C8-16A1-4072-AAF3-86A9156EA7B0}.Release|Any CPU.ActiveCfg = Release|Any CPU
		{700FE7C8-16A1-4072-AAF3-86A9156EA7B0}.Release|Any CPU.Build.0 = Release|Any CPU
	EndGlobalSection
	GlobalSection(SolutionProperties) = preSolution
		HideSolutionNode = FALSE
	EndGlobalSection
	GlobalSection(NestedProjects) = preSolution
		{4BAD6C24-C270-4C39-A167-C824A0E93C7F} = {1EA22351-F858-40DE-9489-19FC97D11C0F}
		{700FE7C8-16A1-4072-AAF3-86A9156EA7B0} = {2E7F71A7-0692-44DF-BDA6-63BEDF760E57}
	EndGlobalSection
	GlobalSection(ExtensibilityGlobals) = postSolution
		SolutionGuid = {765BC30C-1BF9-49AA-AA95-05F5CCE8170F}
	EndGlobalSection
EndGlobal
